Microsoft Visual Studio Solution File, Format Version 12.00
# Visual Studio Version 16
VisualStudioVersion = 16.0.28729.10
MinimumVisualStudioVersion = 10.0.40219.1
Project("{FAE04EC0-301F-11D3-BF4B-00C04F79EFBC}") = "MultipleSensors.Android", "MultipleSensors.Android\MultipleSensors.Android.csproj", "{F3A1616B-9103-4471-BC35-2F3F4032D6BD}"
EndProject
Project("{FAE04EC0-301F-11D3-BF4B-00C04F79EFBC}") = "MultipleSensors.iOS", "MultipleSensors.iOS\MultipleSensors.iOS.csproj", "{113270E9-43F7-48F1-9679-217F621A8C27}"
EndProject
Project("{9A19103F-16F7-4668-BE54-9A1E7A4F7556}") = "MultipleSensors", "MultipleSensors\MultipleSensors.csproj", "{CD5D2C04-6E7C-4E71-BF25-40710E01B1A0}"
EndProject
Project("{9A19103F-16F7-4668-BE54-9A1E7A4F7556}") = "OpenMovement.AxLE.Comms", "OpenMovement.AxLE.Comms\OpenMovement.AxLE.Comms\OpenMovement.AxLE.Comms.csproj", "{662DB198-8F88-4757-979F-CA6354A56047}"
EndProject
Project("{9A19103F-16F7-4668-BE54-9A1E7A4F7556}") = "OpenMovement.AxLE.Service", "OpenMovement.AxLE.Comms\OpenMovement.AxLE.Service\OpenMovement.AxLE.Service.csproj", "{9AF8E3F2-60EB-4FB1-B6A3-5B55544800BF}"
EndProject
Project("{FAE04EC0-301F-11D3-BF4B-00C04F79EFBC}") = "OpenMovement.AxLE.Comms.Bluetooth.Mobile.Android", "OpenMovement.AxLE.Comms\OpenMovement.AxLE.Comms.Bluetooth.Mobile.Android\OpenMovement.AxLE.Comms.Bluetooth.Mobile.Android.csproj", "{4D3A4F89-2848-44EA-B2AA-5EBC48C80DFC}"
EndProject
Project("{D954291E-2A0B-460D-934E-DC6B0785DB48}") = "OpenMovement.AxLE.Comms.Bluetooth.Mobile", "OpenMovement.AxLE.Comms\OpenMovement.AxLE.Comms.Bluetooth.Mobile\OpenMovement.AxLE.Comms.Bluetooth.Mobile.shproj", "{4888FA23-083C-45B0-8970-89BB7A4E0916}"
EndProject
Project("{FAE04EC0-301F-11D3-BF4B-00C04F79EFBC}") = "Tests", "Tests\Tests.csproj", "{D5767F14-2F64-4BFF-B957-0E6D0437C966}"
EndProject
Project("{9A19103F-16F7-4668-BE54-9A1E7A4F7556}") = "AxLEConnector", "..\axleconnector-master\AxLEConnector\AxLEConnector.csproj", "{D1A637B6-2E51-4685-BCD8-8563018B21D4}"
EndProject
Global
	GlobalSection(SharedMSBuildProjectFiles) = preSolution
		OpenMovement.AxLE.Comms\OpenMovement.AxLE.Comms.Bluetooth.Mobile\OpenMovement.AxLE.Comms.Bluetooth.Mobile.projitems*{4888fa23-083c-45b0-8970-89bb7a4e0916}*SharedItemsImports = 13
		OpenMovement.AxLE.Comms\OpenMovement.AxLE.Comms.Bluetooth.Mobile\OpenMovement.AxLE.Comms.Bluetooth.Mobile.projitems*{4d3a4f89-2848-44ea-b2aa-5ebc48c80dfc}*SharedItemsImports = 4
	EndGlobalSection
	GlobalSection(SolutionConfigurationPlatforms) = preSolution
		Ad-Hoc|Any CPU = Ad-Hoc|Any CPU
		Ad-Hoc|iPhone = Ad-Hoc|iPhone
		Ad-Hoc|iPhoneSimulator = Ad-Hoc|iPhoneSimulator
		AppStore|Any CPU = AppStore|Any CPU
		AppStore|iPhone = AppStore|iPhone
		AppStore|iPhoneSimulator = AppStore|iPhoneSimulator
		Debug|Any CPU = Debug|Any CPU
		Debug|iPhone = Debug|iPhone
		Debug|iPhoneSimulator = Debug|iPhoneSimulator
		Release|Any CPU = Release|Any CPU
		Release|iPhone = Release|iPhone
		Release|iPhoneSimulator = Release|iPhoneSimulator
	EndGlobalSection
	GlobalSection(ProjectConfigurationPlatforms) = postSolution
		{F3A1616B-9103-4471-BC35-2F3F4032D6BD}.Ad-Hoc|Any CPU.ActiveCfg = Release|Any CPU
		{F3A1616B-9103-4471-BC35-2F3F4032D6BD}.Ad-Hoc|Any CPU.Build.0 = Release|Any CPU
		{F3A1616B-9103-4471-BC35-2F3F4032D6BD}.Ad-Hoc|Any CPU.Deploy.0 = Release|Any CPU
		{F3A1616B-9103-4471-BC35-2F3F4032D6BD}.Ad-Hoc|iPhone.ActiveCfg = Debug|Any CPU
		{F3A1616B-9103-4471-BC35-2F3F4032D6BD}.Ad-Hoc|iPhone.Build.0 = Debug|Any CPU
		{F3A1616B-9103-4471-BC35-2F3F4032D6BD}.Ad-Hoc|iPhoneSimulator.ActiveCfg = Release|Any CPU
		{F3A1616B-9103-4471-BC35-2F3F4032D6BD}.Ad-Hoc|iPhoneSimulator.Build.0 = Release|Any CPU
		{F3A1616B-9103-4471-BC35-2F3F4032D6BD}.Ad-Hoc|iPhoneSimulator.Deploy.0 = Release|Any CPU
		{F3A1616B-9103-4471-BC35-2F3F4032D6BD}.AppStore|Any CPU.ActiveCfg = Release|Any CPU
		{F3A1616B-9103-4471-BC35-2F3F4032D6BD}.AppStore|Any CPU.Build.0 = Release|Any CPU
		{F3A1616B-9103-4471-BC35-2F3F4032D6BD}.AppStore|Any CPU.Deploy.0 = Release|Any CPU
		{F3A1616B-9103-4471-BC35-2F3F4032D6BD}.AppStore|iPhone.ActiveCfg = Debug|Any CPU
		{F3A1616B-9103-4471-BC35-2F3F4032D6BD}.AppStore|iPhone.Build.0 = Debug|Any CPU
		{F3A1616B-9103-4471-BC35-2F3F4032D6BD}.AppStore|iPhoneSimulator.ActiveCfg = Release|Any CPU
		{F3A1616B-9103-4471-BC35-2F3F4032D6BD}.AppStore|iPhoneSimulator.Build.0 = Release|Any CPU
		{F3A1616B-9103-4471-BC35-2F3F4032D6BD}.AppStore|iPhoneSimulator.Deploy.0 = Release|Any CPU
		{F3A1616B-9103-4471-BC35-2F3F4032D6BD}.Debug|Any CPU.ActiveCfg = Debug|Any CPU
		{F3A1616B-9103-4471-BC35-2F3F4032D6BD}.Debug|Any CPU.Build.0 = Debug|Any CPU
		{F3A1616B-9103-4471-BC35-2F3F4032D6BD}.Debug|Any CPU.Deploy.0 = Debug|Any CPU
		{F3A1616B-9103-4471-BC35-2F3F4032D6BD}.Debug|iPhone.ActiveCfg = Debug|Any CPU
		{F3A1616B-9103-4471-BC35-2F3F4032D6BD}.Debug|iPhone.Build.0 = Debug|Any CPU
		{F3A1616B-9103-4471-BC35-2F3F4032D6BD}.Debug|iPhoneSimulator.ActiveCfg = Debug|Any CPU
		{F3A1616B-9103-4471-BC35-2F3F4032D6BD}.Debug|iPhoneSimulator.Build.0 = Debug|Any CPU
		{F3A1616B-9103-4471-BC35-2F3F4032D6BD}.Release|Any CPU.ActiveCfg = Release|Any CPU
		{F3A1616B-9103-4471-BC35-2F3F4032D6BD}.Release|Any CPU.Build.0 = Release|Any CPU
		{F3A1616B-9103-4471-BC35-2F3F4032D6BD}.Release|iPhone.ActiveCfg = Release|Any CPU
		{F3A1616B-9103-4471-BC35-2F3F4032D6BD}.Release|iPhone.Build.0 = Release|Any CPU
		{F3A1616B-9103-4471-BC35-2F3F4032D6BD}.Release|iPhoneSimulator.ActiveCfg = Release|Any CPU
		{F3A1616B-9103-4471-BC35-2F3F4032D6BD}.Release|iPhoneSimulator.Build.0 = Release|Any CPU
		{113270E9-43F7-48F1-9679-217F621A8C27}.Ad-Hoc|Any CPU.ActiveCfg = Ad-Hoc|iPhoneSimulator
		{113270E9-43F7-48F1-9679-217F621A8C27}.Ad-Hoc|iPhone.ActiveCfg = Ad-Hoc|iPhone
		{113270E9-43F7-48F1-9679-217F621A8C27}.Ad-Hoc|iPhone.Build.0 = Ad-Hoc|iPhone
		{113270E9-43F7-48F1-9679-217F621A8C27}.Ad-Hoc|iPhoneSimulator.ActiveCfg = Ad-Hoc|iPhoneSimulator
		{113270E9-43F7-48F1-9679-217F621A8C27}.Ad-Hoc|iPhoneSimulator.Build.0 = Ad-Hoc|iPhoneSimulator
		{113270E9-43F7-48F1-9679-217F621A8C27}.AppStore|Any CPU.ActiveCfg = AppStore|iPhoneSimulator
		{113270E9-43F7-48F1-9679-217F621A8C27}.AppStore|iPhone.ActiveCfg = AppStore|iPhone
		{113270E9-43F7-48F1-9679-217F621A8C27}.AppStore|iPhone.Build.0 = AppStore|iPhone
		{113270E9-43F7-48F1-9679-217F621A8C27}.AppStore|iPhoneSimulator.ActiveCfg = AppStore|iPhoneSimulator
		{113270E9-43F7-48F1-9679-217F621A8C27}.AppStore|iPhoneSimulator.Build.0 = AppStore|iPhoneSimulator
		{113270E9-43F7-48F1-9679-217F621A8C27}.Debug|Any CPU.ActiveCfg = Debug|iPhoneSimulator
		{113270E9-43F7-48F1-9679-217F621A8C27}.Debug|Any CPU.Build.0 = Debug|iPhoneSimulator
		{113270E9-43F7-48F1-9679-217F621A8C27}.Debug|iPhone.ActiveCfg = Debug|iPhone
		{113270E9-43F7-48F1-9679-217F621A8C27}.Debug|iPhone.Build.0 = Debug|iPhone
		{113270E9-43F7-48F1-9679-217F621A8C27}.Debug|iPhoneSimulator.ActiveCfg = Debug|iPhoneSimulator
		{113270E9-43F7-48F1-9679-217F621A8C27}.Debug|iPhoneSimulator.Build.0 = Debug|iPhoneSimulator
		{113270E9-43F7-48F1-9679-217F621A8C27}.Release|Any CPU.ActiveCfg = Release|iPhoneSimulator
		{113270E9-43F7-48F1-9679-217F621A8C27}.Release|Any CPU.Build.0 = Release|iPhoneSimulator
		{113270E9-43F7-48F1-9679-217F621A8C27}.Release|iPhone.ActiveCfg = Release|iPhone
		{113270E9-43F7-48F1-9679-217F621A8C27}.Release|iPhone.Build.0 = Release|iPhone
		{113270E9-43F7-48F1-9679-217F621A8C27}.Release|iPhoneSimulator.ActiveCfg = Release|iPhoneSimulator
		{113270E9-43F7-48F1-9679-217F621A8C27}.Release|iPhoneSimulator.Build.0 = Release|iPhoneSimulator
		{CD5D2C04-6E7C-4E71-BF25-40710E01B1A0}.Ad-Hoc|Any CPU.ActiveCfg = Release|Any CPU
		{CD5D2C04-6E7C-4E71-BF25-40710E01B1A0}.Ad-Hoc|Any CPU.Build.0 = Release|Any CPU
		{CD5D2C04-6E7C-4E71-BF25-40710E01B1A0}.Ad-Hoc|iPhone.ActiveCfg = Debug|Any CPU
		{CD5D2C04-6E7C-4E71-BF25-40710E01B1A0}.Ad-Hoc|iPhone.Build.0 = Debug|Any CPU
		{CD5D2C04-6E7C-4E71-BF25-40710E01B1A0}.Ad-Hoc|iPhoneSimulator.ActiveCfg = Release|Any CPU
		{CD5D2C04-6E7C-4E71-BF25-40710E01B1A0}.Ad-Hoc|iPhoneSimulator.Build.0 = Release|Any CPU
		{CD5D2C04-6E7C-4E71-BF25-40710E01B1A0}.AppStore|Any CPU.ActiveCfg = Release|Any CPU
		{CD5D2C04-6E7C-4E71-BF25-40710E01B1A0}.AppStore|Any CPU.Build.0 = Release|Any CPU
		{CD5D2C04-6E7C-4E71-BF25-40710E01B1A0}.AppStore|iPhone.ActiveCfg = Debug|Any CPU
		{CD5D2C04-6E7C-4E71-BF25-40710E01B1A0}.AppStore|iPhone.Build.0 = Debug|Any CPU
		{CD5D2C04-6E7C-4E71-BF25-40710E01B1A0}.AppStore|iPhoneSimulator.ActiveCfg = Release|Any CPU
		{CD5D2C04-6E7C-4E71-BF25-40710E01B1A0}.AppStore|iPhoneSimulator.Build.0 = Release|Any CPU
		{CD5D2C04-6E7C-4E71-BF25-40710E01B1A0}.Debug|Any CPU.ActiveCfg = Debug|Any CPU
		{CD5D2C04-6E7C-4E71-BF25-40710E01B1A0}.Debug|Any CPU.Build.0 = Debug|Any CPU
		{CD5D2C04-6E7C-4E71-BF25-40710E01B1A0}.Debug|iPhone.ActiveCfg = Debug|Any CPU
		{CD5D2C04-6E7C-4E71-BF25-40710E01B1A0}.Debug|iPhone.Build.0 = Debug|Any CPU
		{CD5D2C04-6E7C-4E71-BF25-40710E01B1A0}.Debug|iPhoneSimulator.ActiveCfg = Debug|Any CPU
		{CD5D2C04-6E7C-4E71-BF25-40710E01B1A0}.Debug|iPhoneSimulator.Build.0 = Debug|Any CPU
		{CD5D2C04-6E7C-4E71-BF25-40710E01B1A0}.Release|Any CPU.ActiveCfg = Release|Any CPU
		{CD5D2C04-6E7C-4E71-BF25-40710E01B1A0}.Release|Any CPU.Build.0 = Release|Any CPU
		{CD5D2C04-6E7C-4E71-BF25-40710E01B1A0}.Release|iPhone.ActiveCfg = Release|Any CPU
		{CD5D2C04-6E7C-4E71-BF25-40710E01B1A0}.Release|iPhone.Build.0 = Release|Any CPU
		{CD5D2C04-6E7C-4E71-BF25-40710E01B1A0}.Release|iPhoneSimulator.ActiveCfg = Release|Any CPU
		{CD5D2C04-6E7C-4E71-BF25-40710E01B1A0}.Release|iPhoneSimulator.Build.0 = Release|Any CPU
		{662DB198-8F88-4757-979F-CA6354A56047}.Ad-Hoc|Any CPU.ActiveCfg = Release|Any CPU
		{662DB198-8F88-4757-979F-CA6354A56047}.Ad-Hoc|iPhone.ActiveCfg = Debug|Any CPU
		{662DB198-8F88-4757-979F-CA6354A56047}.Ad-Hoc|iPhone.Build.0 = Debug|Any CPU
		{662DB198-8F88-4757-979F-CA6354A56047}.Ad-Hoc|iPhoneSimulator.ActiveCfg = Release|Any CPU
		{662DB198-8F88-4757-979F-CA6354A56047}.AppStore|Any CPU.ActiveCfg = Release|Any CPU
		{662DB198-8F88-4757-979F-CA6354A56047}.AppStore|iPhone.ActiveCfg = Debug|Any CPU
		{662DB198-8F88-4757-979F-CA6354A56047}.AppStore|iPhone.Build.0 = Debug|Any CPU
		{662DB198-8F88-4757-979F-CA6354A56047}.AppStore|iPhoneSimulator.ActiveCfg = Release|Any CPU
		{662DB198-8F88-4757-979F-CA6354A56047}.Debug|Any CPU.ActiveCfg = Debug|Any CPU
		{662DB198-8F88-4757-979F-CA6354A56047}.Debug|Any CPU.Build.0 = Debug|Any CPU
		{662DB198-8F88-4757-979F-CA6354A56047}.Debug|iPhone.ActiveCfg = Debug|Any CPU
		{662DB198-8F88-4757-979F-CA6354A56047}.Debug|iPhone.Build.0 = Debug|Any CPU
		{662DB198-8F88-4757-979F-CA6354A56047}.Debug|iPhoneSimulator.ActiveCfg = Debug|Any CPU
		{662DB198-8F88-4757-979F-CA6354A56047}.Debug|iPhoneSimulator.Build.0 = Debug|Any CPU
		{662DB198-8F88-4757-979F-CA6354A56047}.Release|Any CPU.ActiveCfg = Release|Any CPU
		{662DB198-8F88-4757-979F-CA6354A56047}.Release|Any CPU.Build.0 = Release|Any CPU
		{662DB198-8F88-4757-979F-CA6354A56047}.Release|iPhone.ActiveCfg = Release|Any CPU
		{662DB198-8F88-4757-979F-CA6354A56047}.Release|iPhone.Build.0 = Release|Any CPU
		{662DB198-8F88-4757-979F-CA6354A56047}.Release|iPhoneSimulator.ActiveCfg = Release|Any CPU
		{662DB198-8F88-4757-979F-CA6354A56047}.Release|iPhoneSimulator.Build.0 = Release|Any CPU
		{9AF8E3F2-60EB-4FB1-B6A3-5B55544800BF}.Ad-Hoc|Any CPU.ActiveCfg = Release|Any CPU
		{9AF8E3F2-60EB-4FB1-B6A3-5B55544800BF}.Ad-Hoc|iPhone.ActiveCfg = Debug|Any CPU
		{9AF8E3F2-60EB-4FB1-B6A3-5B55544800BF}.Ad-Hoc|iPhone.Build.0 = Debug|Any CPU
		{9AF8E3F2-60EB-4FB1-B6A3-5B55544800BF}.Ad-Hoc|iPhoneSimulator.ActiveCfg = Release|Any CPU
		{9AF8E3F2-60EB-4FB1-B6A3-5B55544800BF}.AppStore|Any CPU.ActiveCfg = Release|Any CPU
		{9AF8E3F2-60EB-4FB1-B6A3-5B55544800BF}.AppStore|iPhone.ActiveCfg = Debug|Any CPU
		{9AF8E3F2-60EB-4FB1-B6A3-5B55544800BF}.AppStore|iPhone.Build.0 = Debug|Any CPU
		{9AF8E3F2-60EB-4FB1-B6A3-5B55544800BF}.AppStore|iPhoneSimulator.ActiveCfg = Release|Any CPU
		{9AF8E3F2-60EB-4FB1-B6A3-5B55544800BF}.Debug|Any CPU.ActiveCfg = Debug|Any CPU
		{9AF8E3F2-60EB-4FB1-B6A3-5B55544800BF}.Debug|Any CPU.Build.0 = Debug|Any CPU
		{9AF8E3F2-60EB-4FB1-B6A3-5B55544800BF}.Debug|iPhone.ActiveCfg = Debug|Any CPU
		{9AF8E3F2-60EB-4FB1-B6A3-5B55544800BF}.Debug|iPhone.Build.0 = Debug|Any CPU
		{9AF8E3F2-60EB-4FB1-B6A3-5B55544800BF}.Debug|iPhoneSimulator.ActiveCfg = Debug|Any CPU
		{9AF8E3F2-60EB-4FB1-B6A3-5B55544800BF}.Debug|iPhoneSimulator.Build.0 = Debug|Any CPU
		{9AF8E3F2-60EB-4FB1-B6A3-5B55544800BF}.Release|Any CPU.ActiveCfg = Release|Any CPU
		{9AF8E3F2-60EB-4FB1-B6A3-5B55544800BF}.Release|Any CPU.Build.0 = Release|Any CPU
		{9AF8E3F2-60EB-4FB1-B6A3-5B55544800BF}.Release|iPhone.ActiveCfg = Release|Any CPU
		{9AF8E3F2-60EB-4FB1-B6A3-5B55544800BF}.Release|iPhone.Build.0 = Release|Any CPU
		{9AF8E3F2-60EB-4FB1-B6A3-5B55544800BF}.Release|iPhoneSimulator.ActiveCfg = Release|Any CPU
		{9AF8E3F2-60EB-4FB1-B6A3-5B55544800BF}.Release|iPhoneSimulator.Build.0 = Release|Any CPU
		{4D3A4F89-2848-44EA-B2AA-5EBC48C80DFC}.Ad-Hoc|Any CPU.ActiveCfg = Release|Any CPU
		{4D3A4F89-2848-44EA-B2AA-5EBC48C80DFC}.Ad-Hoc|iPhone.ActiveCfg = Debug|Any CPU
		{4D3A4F89-2848-44EA-B2AA-5EBC48C80DFC}.Ad-Hoc|iPhone.Build.0 = Debug|Any CPU
		{4D3A4F89-2848-44EA-B2AA-5EBC48C80DFC}.Ad-Hoc|iPhoneSimulator.ActiveCfg = Release|Any CPU
		{4D3A4F89-2848-44EA-B2AA-5EBC48C80DFC}.AppStore|Any CPU.ActiveCfg = Release|Any CPU
		{4D3A4F89-2848-44EA-B2AA-5EBC48C80DFC}.AppStore|iPhone.ActiveCfg = Debug|Any CPU
		{4D3A4F89-2848-44EA-B2AA-5EBC48C80DFC}.AppStore|iPhone.Build.0 = Debug|Any CPU
		{4D3A4F89-2848-44EA-B2AA-5EBC48C80DFC}.AppStore|iPhoneSimulator.ActiveCfg = Release|Any CPU
		{4D3A4F89-2848-44EA-B2AA-5EBC48C80DFC}.Debug|Any CPU.ActiveCfg = Debug|Any CPU
		{4D3A4F89-2848-44EA-B2AA-5EBC48C80DFC}.Debug|Any CPU.Build.0 = Debug|Any CPU
		{4D3A4F89-2848-44EA-B2AA-5EBC48C80DFC}.Debug|iPhone.ActiveCfg = Debug|Any CPU
		{4D3A4F89-2848-44EA-B2AA-5EBC48C80DFC}.Debug|iPhone.Build.0 = Debug|Any CPU
		{4D3A4F89-2848-44EA-B2AA-5EBC48C80DFC}.Debug|iPhoneSimulator.ActiveCfg = Debug|Any CPU
		{4D3A4F89-2848-44EA-B2AA-5EBC48C80DFC}.Debug|iPhoneSimulator.Build.0 = Debug|Any CPU
		{4D3A4F89-2848-44EA-B2AA-5EBC48C80DFC}.Release|Any CPU.ActiveCfg = Release|Any CPU
		{4D3A4F89-2848-44EA-B2AA-5EBC48C80DFC}.Release|Any CPU.Build.0 = Release|Any CPU
		{4D3A4F89-2848-44EA-B2AA-5EBC48C80DFC}.Release|iPhone.ActiveCfg = Release|Any CPU
		{4D3A4F89-2848-44EA-B2AA-5EBC48C80DFC}.Release|iPhone.Build.0 = Release|Any CPU
		{4D3A4F89-2848-44EA-B2AA-5EBC48C80DFC}.Release|iPhoneSimulator.ActiveCfg = Release|Any CPU
		{4D3A4F89-2848-44EA-B2AA-5EBC48C80DFC}.Release|iPhoneSimulator.Build.0 = Release|Any CPU
		{D5767F14-2F64-4BFF-B957-0E6D0437C966}.Ad-Hoc|Any CPU.ActiveCfg = Release|Any CPU
		{D5767F14-2F64-4BFF-B957-0E6D0437C966}.Ad-Hoc|Any CPU.Build.0 = Release|Any CPU
		{D5767F14-2F64-4BFF-B957-0E6D0437C966}.Ad-Hoc|iPhone.ActiveCfg = Debug|Any CPU
		{D5767F14-2F64-4BFF-B957-0E6D0437C966}.Ad-Hoc|iPhone.Build.0 = Debug|Any CPU
		{D5767F14-2F64-4BFF-B957-0E6D0437C966}.Ad-Hoc|iPhoneSimulator.ActiveCfg = Release|Any CPU
		{D5767F14-2F64-4BFF-B957-0E6D0437C966}.Ad-Hoc|iPhoneSimulator.Build.0 = Release|Any CPU
		{D5767F14-2F64-4BFF-B957-0E6D0437C966}.AppStore|Any CPU.ActiveCfg = Release|Any CPU
		{D5767F14-2F64-4BFF-B957-0E6D0437C966}.AppStore|Any CPU.Build.0 = Release|Any CPU
		{D5767F14-2F64-4BFF-B957-0E6D0437C966}.AppStore|iPhone.ActiveCfg = Debug|Any CPU
		{D5767F14-2F64-4BFF-B957-0E6D0437C966}.AppStore|iPhone.Build.0 = Debug|Any CPU
		{D5767F14-2F64-4BFF-B957-0E6D0437C966}.AppStore|iPhoneSimulator.ActiveCfg = Release|Any CPU
		{D5767F14-2F64-4BFF-B957-0E6D0437C966}.AppStore|iPhoneSimulator.Build.0 = Release|Any CPU
		{D5767F14-2F64-4BFF-B957-0E6D0437C966}.Debug|Any CPU.ActiveCfg = Debug|Any CPU
		{D5767F14-2F64-4BFF-B957-0E6D0437C966}.Debug|Any CPU.Build.0 = Debug|Any CPU
		{D5767F14-2F64-4BFF-B957-0E6D0437C966}.Debug|iPhone.ActiveCfg = Debug|Any CPU
		{D5767F14-2F64-4BFF-B957-0E6D0437C966}.Debug|iPhone.Build.0 = Debug|Any CPU
		{D5767F14-2F64-4BFF-B957-0E6D0437C966}.Debug|iPhoneSimulator.ActiveCfg = Debug|Any CPU
		{D5767F14-2F64-4BFF-B957-0E6D0437C966}.Debug|iPhoneSimulator.Build.0 = Debug|Any CPU
		{D5767F14-2F64-4BFF-B957-0E6D0437C966}.Release|Any CPU.ActiveCfg = Release|Any CPU
		{D5767F14-2F64-4BFF-B957-0E6D0437C966}.Release|Any CPU.Build.0 = Release|Any CPU
		{D5767F14-2F64-4BFF-B957-0E6D0437C966}.Release|iPhone.ActiveCfg = Release|Any CPU
		{D5767F14-2F64-4BFF-B957-0E6D0437C966}.Release|iPhone.Build.0 = Release|Any CPU
		{D5767F14-2F64-4BFF-B957-0E6D0437C966}.Release|iPhoneSimulator.ActiveCfg = Release|Any CPU
		{D5767F14-2F64-4BFF-B957-0E6D0437C966}.Release|iPhoneSimulator.Build.0 = Release|Any CPU
		{D1A637B6-2E51-4685-BCD8-8563018B21D4}.Ad-Hoc|Any CPU.ActiveCfg = Debug|Any CPU
		{D1A637B6-2E51-4685-BCD8-8563018B21D4}.Ad-Hoc|Any CPU.Build.0 = Debug|Any CPU
		{D1A637B6-2E51-4685-BCD8-8563018B21D4}.Ad-Hoc|iPhone.ActiveCfg = Debug|Any CPU
		{D1A637B6-2E51-4685-BCD8-8563018B21D4}.Ad-Hoc|iPhone.Build.0 = Debug|Any CPU
		{D1A637B6-2E51-4685-BCD8-8563018B21D4}.Ad-Hoc|iPhoneSimulator.ActiveCfg = Debug|Any CPU
		{D1A637B6-2E51-4685-BCD8-8563018B21D4}.Ad-Hoc|iPhoneSimulator.Build.0 = Debug|Any CPU
		{D1A637B6-2E51-4685-BCD8-8563018B21D4}.AppStore|Any CPU.ActiveCfg = Debug|Any CPU
		{D1A637B6-2E51-4685-BCD8-8563018B21D4}.AppStore|Any CPU.Build.0 = Debug|Any CPU
		{D1A637B6-2E51-4685-BCD8-8563018B21D4}.AppStore|iPhone.ActiveCfg = Debug|Any CPU
		{D1A637B6-2E51-4685-BCD8-8563018B21D4}.AppStore|iPhone.Build.0 = Debug|Any CPU
		{D1A637B6-2E51-4685-BCD8-8563018B21D4}.AppStore|iPhoneSimulator.ActiveCfg = Debug|Any CPU
		{D1A637B6-2E51-4685-BCD8-8563018B21D4}.AppStore|iPhoneSimulator.Build.0 = Debug|Any CPU
		{D1A637B6-2E51-4685-BCD8-8563018B21D4}.Debug|Any CPU.ActiveCfg = Debug|Any CPU
		{D1A637B6-2E51-4685-BCD8-8563018B21D4}.Debug|Any CPU.Build.0 = Debug|Any CPU
		{D1A637B6-2E51-4685-BCD8-8563018B21D4}.Debug|iPhone.ActiveCfg = Debug|Any CPU
		{D1A637B6-2E51-4685-BCD8-8563018B21D4}.Debug|iPhone.Build.0 = Debug|Any CPU
		{D1A637B6-2E51-4685-BCD8-8563018B21D4}.Debug|iPhoneSimulator.ActiveCfg = Debug|Any CPU
		{D1A637B6-2E51-4685-BCD8-8563018B21D4}.Debug|iPhoneSimulator.Build.0 = Debug|Any CPU
		{D1A637B6-2E51-4685-BCD8-8563018B21D4}.Release|Any CPU.ActiveCfg = Release|Any CPU
		{D1A637B6-2E51-4685-BCD8-8563018B21D4}.Release|Any CPU.Build.0 = Release|Any CPU
		{D1A637B6-2E51-4685-BCD8-8563018B21D4}.Release|iPhone.ActiveCfg = Release|Any CPU
		{D1A637B6-2E51-4685-BCD8-8563018B21D4}.Release|iPhone.Build.0 = Release|Any CPU
		{D1A637B6-2E51-4685-BCD8-8563018B21D4}.Release|iPhoneSimulator.ActiveCfg = Release|Any CPU
		{D1A637B6-2E51-4685-BCD8-8563018B21D4}.Release|iPhoneSimulator.Build.0 = Release|Any CPU
	EndGlobalSection
	GlobalSection(SolutionProperties) = preSolution
		HideSolutionNode = FALSE
	EndGlobalSection
	GlobalSection(ExtensibilityGlobals) = postSolution
		SolutionGuid = {FFAB942A-51A0-4E41-BDFA-B267DE30E26B}
	EndGlobalSection
EndGlobal
